// !$*UTF8*$!
{
	archiveVersion = 1;
	classes = {
	};
	objectVersion = 46;
	objects = {

/* Begin PBXBuildFile section */
		3A25192F1F4ACDFD000C500A /* main.m in Sources */ = {isa = PBXBuildFile; fileRef = 3A25192E1F4ACDFD000C500A /* main.m */; };
		3A2519321F4ACDFD000C500A /* AppDelegate.m in Sources */ = {isa = PBXBuildFile; fileRef = 3A2519311F4ACDFD000C500A /* AppDelegate.m */; };
		3A2519351F4ACDFD000C500A /* ViewController.m in Sources */ = {isa = PBXBuildFile; fileRef = 3A2519341F4ACDFD000C500A /* ViewController.m */; };
		3A2519381F4ACDFD000C500A /* Main.storyboard in Resources */ = {isa = PBXBuildFile; fileRef = 3A2519361F4ACDFD000C500A /* Main.storyboard */; };
		3A25193A1F4ACDFD000C500A /* Assets.xcassets in Resources */ = {isa = PBXBuildFile; fileRef = 3A2519391F4ACDFD000C500A /* Assets.xcassets */; };
		3A25193D1F4ACDFD000C500A /* LaunchScreen.storyboard in Resources */ = {isa = PBXBuildFile; fileRef = 3A25193B1F4ACDFD000C500A /* LaunchScreen.storyboard */; };
		3A2519481F4ACDFD000C500A /* RAC_MVVM_demoTests.m in Sources */ = {isa = PBXBuildFile; fileRef = 3A2519471F4ACDFD000C500A /* RAC_MVVM_demoTests.m */; };
		3A2519531F4ACDFD000C500A /* RAC_MVVM_demoUITests.m in Sources */ = {isa = PBXBuildFile; fileRef = 3A2519521F4ACDFD000C500A /* RAC_MVVM_demoUITests.m */; };
		3A7D70191F4BC42800823D95 /* LoginViewModel.m in Sources */ = {isa = PBXBuildFile; fileRef = 3A7D70181F4BC42800823D95 /* LoginViewModel.m */; };
		45AD1CA7CA4935FBF0E6A7AD /* Pods_RAC_MVVM_demo.framework in Frameworks */ = {isa = PBXBuildFile; fileRef = 549AF73504317A1F51E49E29 /* Pods_RAC_MVVM_demo.framework */; };
/* End PBXBuildFile section */

/* Begin PBXContainerItemProxy section */
		3A2519441F4ACDFD000C500A /* PBXContainerItemProxy */ = {
			isa = PBXContainerItemProxy;
			containerPortal = 3A2519221F4ACDFD000C500A /* Project object */;
			proxyType = 1;
			remoteGlobalIDString = 3A2519291F4ACDFD000C500A;
			remoteInfo = "RAC+MVVM_demo";
		};
		3A25194F1F4ACDFD000C500A /* PBXContainerItemProxy */ = {
			isa = PBXContainerItemProxy;
			containerPortal = 3A2519221F4ACDFD000C500A /* Project object */;
			proxyType = 1;
			remoteGlobalIDString = 3A2519291F4ACDFD000C500A;
			remoteInfo = "RAC+MVVM_demo";
		};
/* End PBXContainerItemProxy section */

/* Begin PBXFileReference section */
		00E46388540CDC1F8DB19DF5 /* Pods-RAC+MVVM_demo.release.xcconfig */ = {isa = PBXFileReference; includeInIndex = 1; lastKnownFileType = text.xcconfig; name = "Pods-RAC+MVVM_demo.release.xcconfig"; path = "Pods/Target Support Files/Pods-RAC+MVVM_demo/Pods-RAC+MVVM_demo.release.xcconfig"; sourceTree = "<group>"; };
		3A25192A1F4ACDFD000C500A /* RAC+MVVM_demo.app */ = {isa = PBXFileReference; explicitFileType = wrapper.application; includeInIndex = 0; path = "RAC+MVVM_demo.app"; sourceTree = BUILT_PRODUCTS_DIR; };
		3A25192E1F4ACDFD000C500A /* main.m */ = {isa = PBXFileReference; lastKnownFileType = sourcecode.c.objc; path = main.m; sourceTree = "<group>"; };
		3A2519301F4ACDFD000C500A /* AppDelegate.h */ = {isa = PBXFileReference; lastKnownFileType = sourcecode.c.h; path = AppDelegate.h; sourceTree = "<group>"; };
		3A2519311F4ACDFD000C500A /* AppDelegate.m */ = {isa = PBXFileReference; lastKnownFileType = sourcecode.c.objc; path = AppDelegate.m; sourceTree = "<group>"; };
		3A2519331F4ACDFD000C500A /* ViewController.h */ = {isa = PBXFileReference; lastKnownFileType = sourcecode.c.h; path = ViewController.h; sourceTree = "<group>"; };
		3A2519341F4ACDFD000C500A /* ViewController.m */ = {isa = PBXFileReference; lastKnownFileType = sourcecode.c.objc; path = ViewController.m; sourceTree = "<group>"; };
		3A2519371F4ACDFD000C500A /* Base */ = {isa = PBXFileReference; lastKnownFileType = file.storyboard; name = Base; path = Base.lproj/Main.storyboard; sourceTree = "<group>"; };
		3A2519391F4ACDFD000C500A /* Assets.xcassets */ = {isa = PBXFileReference; lastKnownFileType = folder.assetcatalog; path = Assets.xcassets; sourceTree = "<group>"; };
		3A25193C1F4ACDFD000C500A /* Base */ = {isa = PBXFileReference; lastKnownFileType = file.storyboard; name = Base; path = Base.lproj/LaunchScreen.storyboard; sourceTree = "<group>"; };
		3A25193E1F4ACDFD000C500A /* Info.plist */ = {isa = PBXFileReference; lastKnownFileType = text.plist.xml; path = Info.plist; sourceTree = "<group>"; };
		3A2519431F4ACDFD000C500A /* RAC+MVVM_demoTests.xctest */ = {isa = PBXFileReference; explicitFileType = wrapper.cfbundle; includeInIndex = 0; path = "RAC+MVVM_demoTests.xctest"; sourceTree = BUILT_PRODUCTS_DIR; };
		3A2519471F4ACDFD000C500A /* RAC_MVVM_demoTests.m */ = {isa = PBXFileReference; lastKnownFileType = sourcecode.c.objc; path = RAC_MVVM_demoTests.m; sourceTree = "<group>"; };
		3A2519491F4ACDFD000C500A /* Info.plist */ = {isa = PBXFileReference; lastKnownFileType = text.plist.xml; path = Info.plist; sourceTree = "<group>"; };
		3A25194E1F4ACDFD000C500A /* RAC+MVVM_demoUITests.xctest */ = {isa = PBXFileReference; explicitFileType = wrapper.cfbundle; includeInIndex = 0; path = "RAC+MVVM_demoUITests.xctest"; sourceTree = BUILT_PRODUCTS_DIR; };
		3A2519521F4ACDFD000C500A /* RAC_MVVM_demoUITests.m */ = {isa = PBXFileReference; lastKnownFileType = sourcecode.c.objc; path = RAC_MVVM_demoUITests.m; sourceTree = "<group>"; };
		3A2519541F4ACDFD000C500A /* Info.plist */ = {isa = PBXFileReference; lastKnownFileType = text.plist.xml; path = Info.plist; sourceTree = "<group>"; };
		3A7D70171F4BC42800823D95 /* LoginViewModel.h */ = {isa = PBXFileReference; fileEncoding = 4; lastKnownFileType = sourcecode.c.h; path = LoginViewModel.h; sourceTree = "<group>"; };
		3A7D70181F4BC42800823D95 /* LoginViewModel.m */ = {isa = PBXFileReference; fileEncoding = 4; lastKnownFileType = sourcecode.c.objc; path = LoginViewModel.m; sourceTree = "<group>"; };
		41338AE0606F8385AA8D66A2 /* Pods-RAC+MVVM_demo.debug.xcconfig */ = {isa = PBXFileReference; includeInIndex = 1; lastKnownFileType = text.xcconfig; name = "Pods-RAC+MVVM_demo.debug.xcconfig"; path = "Pods/Target Support Files/Pods-RAC+MVVM_demo/Pods-RAC+MVVM_demo.debug.xcconfig"; sourceTree = "<group>"; };
		549AF73504317A1F51E49E29 /* Pods_RAC_MVVM_demo.framework */ = {isa = PBXFileReference; explicitFileType = wrapper.framework; includeInIndex = 0; path = Pods_RAC_MVVM_demo.framework; sourceTree = BUILT_PRODUCTS_DIR; };
/* End PBXFileReference section */

/* Begin PBXFrameworksBuildPhase section */
		3A2519271F4ACDFD000C500A /* Frameworks */ = {
			isa = PBXFrameworksBuildPhase;
			buildActionMask = 2147483647;
			files = (
				45AD1CA7CA4935FBF0E6A7AD /* Pods_RAC_MVVM_demo.framework in Frameworks */,
			);
			runOnlyForDeploymentPostprocessing = 0;
		};
		3A2519401F4ACDFD000C500A /* Frameworks */ = {
			isa = PBXFrameworksBuildPhase;
			buildActionMask = 2147483647;
			files = (
			);
			runOnlyForDeploymentPostprocessing = 0;
		};
		3A25194B1F4ACDFD000C500A /* Frameworks */ = {
			isa = PBXFrameworksBuildPhase;
			buildActionMask = 2147483647;
			files = (
			);
			runOnlyForDeploymentPostprocessing = 0;
		};
/* End PBXFrameworksBuildPhase section */

/* Begin PBXGroup section */
		3A2519211F4ACDFD000C500A = {
			isa = PBXGroup;
			children = (
				3A25192C1F4ACDFD000C500A /* RAC+MVVM_demo */,
				3A2519461F4ACDFD000C500A /* RAC+MVVM_demoTests */,
				3A2519511F4ACDFD000C500A /* RAC+MVVM_demoUITests */,
				3A25192B1F4ACDFD000C500A /* Products */,
				B9579619DAE619E130CA6F24 /* Pods */,
				C494523F3C216DDDABF1B54B /* Frameworks */,
			);
			sourceTree = "<group>";
		};
		3A25192B1F4ACDFD000C500A /* Products */ = {
			isa = PBXGroup;
			children = (
				3A25192A1F4ACDFD000C500A /* RAC+MVVM_demo.app */,
				3A2519431F4ACDFD000C500A /* RAC+MVVM_demoTests.xctest */,
				3A25194E1F4ACDFD000C500A /* RAC+MVVM_demoUITests.xctest */,
			);
			name = Products;
			sourceTree = "<group>";
		};
		3A25192C1F4ACDFD000C500A /* RAC+MVVM_demo */ = {
			isa = PBXGroup;
			children = (
				3A2519301F4ACDFD000C500A /* AppDelegate.h */,
				3A2519311F4ACDFD000C500A /* AppDelegate.m */,
				3A2519331F4ACDFD000C500A /* ViewController.h */,
				3A2519341F4ACDFD000C500A /* ViewController.m */,
				3A7D70171F4BC42800823D95 /* LoginViewModel.h */,
				3A7D70181F4BC42800823D95 /* LoginViewModel.m */,
				3A2519361F4ACDFD000C500A /* Main.storyboard */,
				3A2519391F4ACDFD000C500A /* Assets.xcassets */,
				3A25193B1F4ACDFD000C500A /* LaunchScreen.storyboard */,
				3A25193E1F4ACDFD000C500A /* Info.plist */,
				3A25192D1F4ACDFD000C500A /* Supporting Files */,
			);
			path = "RAC+MVVM_demo";
			sourceTree = "<group>";
		};
		3A25192D1F4ACDFD000C500A /* Supporting Files */ = {
			isa = PBXGroup;
			children = (
				3A25192E1F4ACDFD000C500A /* main.m */,
			);
			name = "Supporting Files";
			sourceTree = "<group>";
		};
		3A2519461F4ACDFD000C500A /* RAC+MVVM_demoTests */ = {
			isa = PBXGroup;
			children = (
				3A2519471F4ACDFD000C500A /* RAC_MVVM_demoTests.m */,
				3A2519491F4ACDFD000C500A /* Info.plist */,
			);
			path = "RAC+MVVM_demoTests";
			sourceTree = "<group>";
		};
		3A2519511F4ACDFD000C500A /* RAC+MVVM_demoUITests */ = {
			isa = PBXGroup;
			children = (
				3A2519521F4ACDFD000C500A /* RAC_MVVM_demoUITests.m */,
				3A2519541F4ACDFD000C500A /* Info.plist */,
			);
			path = "RAC+MVVM_demoUITests";
			sourceTree = "<group>";
		};
		B9579619DAE619E130CA6F24 /* Pods */ = {
			isa = PBXGroup;
			children = (
				41338AE0606F8385AA8D66A2 /* Pods-RAC+MVVM_demo.debug.xcconfig */,
				00E46388540CDC1F8DB19DF5 /* Pods-RAC+MVVM_demo.release.xcconfig */,
			);
			name = Pods;
			sourceTree = "<group>";
		};
		C494523F3C216DDDABF1B54B /* Frameworks */ = {
			isa = PBXGroup;
			children = (
				549AF73504317A1F51E49E29 /* Pods_RAC_MVVM_demo.framework */,
			);
			name = Frameworks;
			sourceTree = "<group>";
		};
/* End PBXGroup section */

/* Begin PBXNativeTarget section */
		3A2519291F4ACDFD000C500A /* RAC+MVVM_demo */ = {
			isa = PBXNativeTarget;
			buildConfigurationList = 3A2519571F4ACDFD000C500A /* Build configuration list for PBXNativeTarget "RAC+MVVM_demo" */;
			buildPhases = (
				2C1810DEFD0975ED7DB3F378 /* [CP] Check Pods Manifest.lock */,
				3A2519261F4ACDFD000C500A /* Sources */,
				3A2519271F4ACDFD000C500A /* Frameworks */,
				3A2519281F4ACDFD000C500A /* Resources */,
				7C71845006FEF20085412586 /* [CP] Embed Pods Frameworks */,
				55E504271623EB7CB8867D09 /* [CP] Copy Pods Resources */,
			);
			buildRules = (
			);
			dependencies = (
			);
			name = "RAC+MVVM_demo";
			productName = "RAC+MVVM_demo";
			productReference = 3A25192A1F4ACDFD000C500A /* RAC+MVVM_demo.app */;
			productType = "com.apple.product-type.application";
		};
		3A2519421F4ACDFD000C500A /* RAC+MVVM_demoTests */ = {
			isa = PBXNativeTarget;
			buildConfigurationList = 3A25195A1F4ACDFD000C500A /* Build configuration list for PBXNativeTarget "RAC+MVVM_demoTests" */;
			buildPhases = (
				3A25193F1F4ACDFD000C500A /* Sources */,
				3A2519401F4ACDFD000C500A /* Frameworks */,
				3A2519411F4ACDFD000C500A /* Resources */,
			);
			buildRules = (
			);
			dependencies = (
				3A2519451F4ACDFD000C500A /* PBXTargetDependency */,
			);
			name = "RAC+MVVM_demoTests";
			productName = "RAC+MVVM_demoTests";
			productReference = 3A2519431F4ACDFD000C500A /* RAC+MVVM_demoTests.xctest */;
			productType = "com.apple.product-type.bundle.unit-test";
		};
		3A25194D1F4ACDFD000C500A /* RAC+MVVM_demoUITests */ = {
			isa = PBXNativeTarget;
			buildConfigurationList = 3A25195D1F4ACDFD000C500A /* Build configuration list for PBXNativeTarget "RAC+MVVM_demoUITests" */;
			buildPhases = (
				3A25194A1F4ACDFD000C500A /* Sources */,
				3A25194B1F4ACDFD000C500A /* Frameworks */,
				3A25194C1F4ACDFD000C500A /* Resources */,
			);
			buildRules = (
			);
			dependencies = (
				3A2519501F4ACDFD000C500A /* PBXTargetDependency */,
			);
			name = "RAC+MVVM_demoUITests";
			productName = "RAC+MVVM_demoUITests";
			productReference = 3A25194E1F4ACDFD000C500A /* RAC+MVVM_demoUITests.xctest */;
			productType = "com.apple.product-type.bundle.ui-testing";
		};
/* End PBXNativeTarget section */

/* Begin PBXProject section */
		3A2519221F4ACDFD000C500A /* Project object */ = {
			isa = PBXProject;
			attributes = {
				LastUpgradeCheck = 0830;
				ORGANIZATIONNAME = "维奕";
				TargetAttributes = {
					3A2519291F4ACDFD000C500A = {
						CreatedOnToolsVersion = 8.3.3;
						DevelopmentTeam = 2M9SKNU2B7;
						ProvisioningStyle = Automatic;
					};
					3A2519421F4ACDFD000C500A = {
						CreatedOnToolsVersion = 8.3.3;
						DevelopmentTeam = 2M9SKNU2B7;
						ProvisioningStyle = Automatic;
						TestTargetID = 3A2519291F4ACDFD000C500A;
					};
					3A25194D1F4ACDFD000C500A = {
						CreatedOnToolsVersion = 8.3.3;
						DevelopmentTeam = 2M9SKNU2B7;
						ProvisioningStyle = Automatic;
						TestTargetID = 3A2519291F4ACDFD000C500A;
					};
				};
			};
			buildConfigurationList = 3A2519251F4ACDFD000C500A /* Build configuration list for PBXProject "RAC+MVVM_demo" */;
			compatibilityVersion = "Xcode 3.2";
			developmentRegion = English;
			hasScannedForEncodings = 0;
			knownRegions = (
				en,
				Base,
			);
			mainGroup = 3A2519211F4ACDFD000C500A;
			productRefGroup = 3A25192B1F4ACDFD000C500A /* Products */;
			projectDirPath = "";
			projectRoot = "";
			targets = (
				3A2519291F4ACDFD000C500A /* RAC+MVVM_demo */,
				3A2519421F4ACDFD000C500A /* RAC+MVVM_demoTests */,
				3A25194D1F4ACDFD000C500A /* RAC+MVVM_demoUITests */,
			);
		};
/* End PBXProject section */

/* Begin PBXResourcesBuildPhase section */
		3A2519281F4ACDFD000C500A /* Resources */ = {
			isa = PBXResourcesBuildPhase;
			buildActionMask = 2147483647;
			files = (
				3A25193D1F4ACDFD000C500A /* LaunchScreen.storyboard in Resources */,
				3A25193A1F4ACDFD000C500A /* Assets.xcassets in Resources */,
				3A2519381F4ACDFD000C500A /* Main.storyboard in Resources */,
			);
			runOnlyForDeploymentPostprocessing = 0;
		};
		3A2519411F4ACDFD000C500A /* Resources */ = {
			isa = PBXResourcesBuildPhase;
			buildActionMask = 2147483647;
			files = (
			);
			runOnlyForDeploymentPostprocessing = 0;
		};
		3A25194C1F4ACDFD000C500A /* Resources */ = {
			isa = PBXResourcesBuildPhase;
			buildActionMask = 2147483647;
			files = (
			);
			runOnlyForDeploymentPostprocessing = 0;
		};
/* End PBXResourcesBuildPhase section */

/* Begin PBXShellScriptBuildPhase section */
		2C1810DEFD0975ED7DB3F378 /* [CP] Check Pods Manifest.lock */ = {
			isa = PBXShellScriptBuildPhase;
			buildActionMask = 2147483647;
			files = (
			);
			inputPaths = (
			);
			name = "[CP] Check Pods Manifest.lock";
			outputPaths = (
			);
			runOnlyForDeploymentPostprocessing = 0;
			shellPath = /bin/sh;
			shellScript = "diff \"${PODS_PODFILE_DIR_PATH}/Podfile.lock\" \"${PODS_ROOT}/Manifest.lock\" > /dev/null\nif [ $? != 0 ] ; then\n    # print error to STDERR\n    echo \"error: The sandbox is not in sync with the Podfile.lock. Run 'pod install' or update your CocoaPods installation.\" >&2\n    exit 1\nfi\n";
			showEnvVarsInLog = 0;
		};
		55E504271623EB7CB8867D09 /* [CP] Copy Pods Resources */ = {
			isa = PBXShellScriptBuildPhase;
			buildActionMask = 2147483647;
			files = (
			);
			inputPaths = (
			);
			name = "[CP] Copy Pods Resources";
			outputPaths = (
			);
			runOnlyForDeploymentPostprocessing = 0;
			shellPath = /bin/sh;
			shellScript = "\"${SRCROOT}/Pods/Target Support Files/Pods-RAC+MVVM_demo/Pods-RAC+MVVM_demo-resources.sh\"\n";
			showEnvVarsInLog = 0;
		};
		7C71845006FEF20085412586 /* [CP] Embed Pods Frameworks */ = {
			isa = PBXShellScriptBuildPhase;
			buildActionMask = 2147483647;
			files = (
			);
			inputPaths = (
			);
			name = "[CP] Embed Pods Frameworks";
			outputPaths = (
			);
			runOnlyForDeploymentPostprocessing = 0;
			shellPath = /bin/sh;
			shellScript = "\"${SRCROOT}/Pods/Target Support Files/Pods-RAC+MVVM_demo/Pods-RAC+MVVM_demo-frameworks.sh\"\n";
			showEnvVarsInLog = 0;
		};
/* End PBXShellScriptBuildPhase section */

/* Begin PBXSourcesBuildPhase section */
		3A2519261F4ACDFD000C500A /* Sources */ = {
			isa = PBXSourcesBuildPhase;
			buildActionMask = 2147483647;
			files = (
				3A7D70191F4BC42800823D95 /* LoginViewModel.m in Sources */,
				3A2519351F4ACDFD000C500A /* ViewController.m in Sources */,
				3A2519321F4ACDFD000C500A /* AppDelegate.m in Sources */,
				3A25192F1F4ACDFD000C500A /* main.m in Sources */,
			);
			runOnlyForDeploymentPostprocessing = 0;
		};
		3A25193F1F4ACDFD000C500A /* Sources */ = {
			isa = PBXSourcesBuildPhase;
			buildActionMask = 2147483647;
			files = (
				3A2519481F4ACDFD000C500A /* RAC_MVVM_demoTests.m in Sources */,
			);
			runOnlyForDeploymentPostprocessing = 0;
		};
		3A25194A1F4ACDFD000C500A /* Sources */ = {
			isa = PBXSourcesBuildPhase;
			buildActionMask = 2147483647;
			files = (
				3A2519531F4ACDFD000C500A /* RAC_MVVM_demoUITests.m in Sources */,
			);
			runOnlyForDeploymentPostprocessing = 0;
		};
/* End PBXSourcesBuildPhase section */

/* Begin PBXTargetDependency section */
		3A2519451F4ACDFD000C500A /* PBXTargetDependency */ = {
			isa = PBXTargetDependency;
			target = 3A2519291F4ACDFD000C500A /* RAC+MVVM_demo */;
			targetProxy = 3A2519441F4ACDFD000C500A /* PBXContainerItemProxy */;
		};
		3A2519501F4ACDFD000C500A /* PBXTargetDependency */ = {
			isa = PBXTargetDependency;
			target = 3A2519291F4ACDFD000C500A /* RAC+MVVM_demo */;
			targetProxy = 3A25194F1F4ACDFD000C500A /* PBXContainerItemProxy */;
		};
/* End PBXTargetDependency section */

/* Begin PBXVariantGroup section */
		3A2519361F4ACDFD000C500A /* Main.storyboard */ = {
			isa = PBXVariantGroup;
			children = (
				3A2519371F4ACDFD000C500A /* Base */,
			);
			name = Main.storyboard;
			sourceTree = "<group>";
		};
		3A25193B1F4ACDFD000C500A /* LaunchScreen.storyboard */ = {
			isa = PBXVariantGroup;
			children = (
				3A25193C1F4ACDFD000C500A /* Base */,
			);
			name = LaunchScreen.storyboard;
			sourceTree = "<group>";
		};
/* End PBXVariantGroup section */

/* Begin XCBuildConfiguration section */
		3A2519551F4ACDFD000C500A /* Debug */ = {
			isa = XCBuildConfiguration;
			buildSettings = {
				ALWAYS_SEARCH_USER_PATHS = NO;
				CLANG_ANALYZER_NONNULL = YES;
				CLANG_ANALYZER_NUMBER_OBJECT_CONVERSION = YES_AGGRESSIVE;
				CLANG_CXX_LANGUAGE_STANDARD = "gnu++0x";
				CLANG_CXX_LIBRARY = "libc++";
				CLANG_ENABLE_MODULES = YES;
				CLANG_ENABLE_OBJC_ARC = YES;
				CLANG_WARN_BOOL_CONVERSION = YES;
				CLANG_WARN_CONSTANT_CONVERSION = YES;
				CLANG_WARN_DIRECT_OBJC_ISA_USAGE = YES_ERROR;
				CLANG_WARN_DOCUMENTATION_COMMENTS = YES;
				CLANG_WARN_EMPTY_BODY = YES;
				CLANG_WARN_ENUM_CONVERSION = YES;
				CLANG_WARN_INFINITE_RECURSION = YES;
				CLANG_WARN_INT_CONVERSION = YES;
				CLANG_WARN_OBJC_ROOT_CLASS = YES_ERROR;
				CLANG_WARN_SUSPICIOUS_MOVE = YES;
				CLANG_WARN_UNREACHABLE_CODE = YES;
				CLANG_WARN__DUPLICATE_METHOD_MATCH = YES;
				"CODE_SIGN_IDENTITY[sdk=iphoneos*]" = "iPhone Developer";
				COPY_PHASE_STRIP = NO;
				DEBUG_INFORMATION_FORMAT = dwarf;
				ENABLE_STRICT_OBJC_MSGSEND = YES;
				ENABLE_TESTABILITY = YES;
				GCC_C_LANGUAGE_STANDARD = gnu99;
				GCC_DYNAMIC_NO_PIC = NO;
				GCC_NO_COMMON_BLOCKS = YES;
				GCC_OPTIMIZATION_LEVEL = 0;
				GCC_PREPROCESSOR_DEFINITIONS = (
					"DEBUG=1",
					"$(inherited)",
				);
				GCC_WARN_64_TO_32_BIT_CONVERSION = YES;
				GCC_WARN_ABOUT_RETURN_TYPE = YES_ERROR;
				GCC_WARN_UNDECLARED_SELECTOR = YES;
				GCC_WARN_UNINITIALIZED_AUTOS = YES_AGGRESSIVE;
				GCC_WARN_UNUSED_FUNCTION = YES;
				GCC_WARN_UNUSED_VARIABLE = YES;
				IPHONEOS_DEPLOYMENT_TARGET = 10.3;
				MTL_ENABLE_DEBUG_INFO = YES;
				ONLY_ACTIVE_ARCH = YES;
				SDKROOT = iphoneos;
			};
			name = Debug;
		};
		3A2519561F4ACDFD000C500A /* Release */ = {
			isa = XCBuildConfiguration;
			buildSettings = {
				ALWAYS_SEARCH_USER_PATHS = NO;
				CLANG_ANALYZER_NONNULL = YES;
				CLANG_ANALYZER_NUMBER_OBJECT_CONVERSION = YES_AGGRESSIVE;
				CLANG_CXX_LANGUAGE_STANDARD = "gnu++0x";
				CLANG_CXX_LIBRARY = "libc++";
				CLANG_ENABLE_MODULES = YES;
				CLANG_ENABLE_OBJC_ARC = YES;
				CLANG_WARN_BOOL_CONVERSION = YES;
				CLANG_WARN_CONSTANT_CONVERSION = YES;
				CLANG_WARN_DIRECT_OBJC_ISA_USAGE = YES_ERROR;
				CLANG_WARN_DOCUMENTATION_COMMENTS = YES;
				CLANG_WARN_EMPTY_BODY = YES;
				CLANG_WARN_ENUM_CONVERSION = YES;
				CLANG_WARN_INFINITE_RECURSION = YES;
				CLANG_WARN_INT_CONVERSION = YES;
				CLANG_WARN_OBJC_ROOT_CLASS = YES_ERROR;
				CLANG_WARN_SUSPICIOUS_MOVE = YES;
				CLANG_WARN_UNREACHABLE_CODE = YES;
				CLANG_WARN__DUPLICATE_METHOD_MATCH = YES;
				"CODE_SIGN_IDENTITY[sdk=iphoneos*]" = "iPhone Developer";
				COPY_PHASE_STRIP = NO;
				DEBUG_INFORMATION_FORMAT = "dwarf-with-dsym";
				ENABLE_NS_ASSERTIONS = NO;
				ENABLE_STRICT_OBJC_MSGSEND = YES;
				GCC_C_LANGUAGE_STANDARD = gnu99;
				GCC_NO_COMMON_BLOCKS = YES;
				GCC_WARN_64_TO_32_BIT_CONVERSION = YES;
				GCC_WARN_ABOUT_RETURN_TYPE = YES_ERROR;
				GCC_WARN_UNDECLARED_SELECTOR = YES;
				GCC_WARN_UNINITIALIZED_AUTOS = YES_AGGRESSIVE;
				GCC_WARN_UNUSED_FUNCTION = YES;
				GCC_WARN_UNUSED_VARIABLE = YES;
				IPHONEOS_DEPLOYMENT_TARGET = 10.3;
				MTL_ENABLE_DEBUG_INFO = NO;
				SDKROOT = iphoneos;
				VALIDATE_PRODUCT = YES;
			};
			name = Release;
		};
		3A2519581F4ACDFD000C500A /* Debug */ = {
			isa = XCBuildConfiguration;
			baseConfigurationReference = 41338AE0606F8385AA8D66A2 /* Pods-RAC+MVVM_demo.debug.xcconfig */;
			buildSettings = {
				ASSETCATALOG_COMPILER_APPICON_NAME = AppIcon;
				DEVELOPMENT_TEAM = 2M9SKNU2B7;
				INFOPLIST_FILE = "RAC+MVVM_demo/Info.plist";
				LD_RUNPATH_SEARCH_PATHS = "$(inherited) @executable_path/Frameworks";
				PRODUCT_BUNDLE_IDENTIFIER = "weiyi.RAC-MVVM-demo";
				PRODUCT_NAME = "$(TARGET_NAME)";
			};
			name = Debug;
		};
		3A2519591F4ACDFD000C500A /* Release */ = {
			isa = XCBuildConfiguration;
			baseConfigurationReference = 00E46388540CDC1F8DB19DF5 /* Pods-RAC+MVVM_demo.release.xcconfig */;
			buildSettings = {
				ASSETCATALOG_COMPILER_APPICON_NAME = AppIcon;
				DEVELOPMENT_TEAM = 2M9SKNU2B7;
				INFOPLIST_FILE = "RAC+MVVM_demo/Info.plist";
				LD_RUNPATH_SEARCH_PATHS = "$(inherited) @executable_path/Frameworks";
				PRODUCT_BUNDLE_IDENTIFIER = "weiyi.RAC-MVVM-demo";
				PRODUCT_NAME = "$(TARGET_NAME)";
			};
			name = Release;
		};
		3A25195B1F4ACDFD000C500A /* Debug */ = {
			isa = XCBuildConfiguration;
			buildSettings = {
				BUNDLE_LOADER = "$(TEST_HOST)";
				DEVELOPMENT_TEAM = 2M9SKNU2B7;
				INFOPLIST_FILE = "RAC+MVVM_demoTests/Info.plist";
				LD_RUNPATH_SEARCH_PATHS = "$(inherited) @executable_path/Frameworks @loader_path/Frameworks";
				PRODUCT_BUNDLE_IDENTIFIER = "weiyi.RAC-MVVM-demoTests";
				PRODUCT_NAME = "$(TARGET_NAME)";
				TEST_HOST = "$(BUILT_PRODUCTS_DIR)/RAC+MVVM_demo.app/RAC+MVVM_demo";
			};
			name = Debug;
		};
		3A25195C1F4ACDFD000C500A /* Release */ = {
			isa = XCBuildConfiguration;
			buildSettings = {
				BUNDLE_LOADER = "$(TEST_HOST)";
				DEVELOPMENT_TEAM = 2M9SKNU2B7;
				INFOPLIST_FILE = "RAC+MVVM_demoTests/Info.plist";
				LD_RUNPATH_SEARCH_PATHS = "$(inherited) @executable_path/Frameworks @loader_path/Frameworks";
				PRODUCT_BUNDLE_IDENTIFIER = "weiyi.RAC-MVVM-demoTests";
				PRODUCT_NAME = "$(TARGET_NAME)";
				TEST_HOST = "$(BUILT_PRODUCTS_DIR)/RAC+MVVM_demo.app/RAC+MVVM_demo";
			};
			name = Release;
		};
		3A25195E1F4ACDFD000C500A /* Debug */ = {
			isa = XCBuildConfiguration;
			buildSettings = {
				DEVELOPMENT_TEAM = 2M9SKNU2B7;
				INFOPLIST_FILE = "RAC+MVVM_demoUITests/Info.plist";
				LD_RUNPATH_SEARCH_PATHS = "$(inherited) @executable_path/Frameworks @loader_path/Frameworks";
				PRODUCT_BUNDLE_IDENTIFIER = "weiyi.RAC-MVVM-demoUITests";
				PRODUCT_NAME = "$(TARGET_NAME)";
				TEST_TARGET_NAME = "RAC+MVVM_demo";
			};
			name = Debug;
		};
		3A25195F1F4ACDFD000C500A /* Release */ = {
			isa = XCBuildConfiguration;
			buildSettings = {
				DEVELOPMENT_TEAM = 2M9SKNU2B7;
				INFOPLIST_FILE = "RAC+MVVM_demoUITests/Info.plist";
				LD_RUNPATH_SEARCH_PATHS = "$(inherited) @executable_path/Frameworks @loader_path/Frameworks";
				PRODUCT_BUNDLE_IDENTIFIER = "weiyi.RAC-MVVM-demoUITests";
				PRODUCT_NAME = "$(TARGET_NAME)";
				TEST_TARGET_NAME = "RAC+MVVM_demo";
			};
			name = Release;
		};
/* End XCBuildConfiguration section */

/* Begin XCConfigurationList section */
		3A2519251F4ACDFD000C500A /* Build configuration list for PBXProject "RAC+MVVM_demo" */ = {
			isa = XCConfigurationList;
			buildConfigurations = (
				3A2519551F4ACDFD000C500A /* Debug */,
				3A2519561F4ACDFD000C500A /* Release */,
			);
			defaultConfigurationIsVisible = 0;
			defaultConfigurationName = Release;
		};
		3A2519571F4ACDFD000C500A /* Build configuration list for PBXNativeTarget "RAC+MVVM_demo" */ = {
			isa = XCConfigurationList;
			buildConfigurations = (
				3A2519581F4ACDFD000C500A /* Debug */,
				3A2519591F4ACDFD000C500A /* Release */,
			);
			defaultConfigurationIsVisible = 0;
			defaultConfigurationName = Release;
		};
		3A25195A1F4ACDFD000C500A /* Build configuration list for PBXNativeTarget "RAC+MVVM_demoTests" */ = {
			isa = XCConfigurationList;
			buildConfigurations = (
				3A25195B1F4ACDFD000C500A /* Debug */,
				3A25195C1F4ACDFD000C500A /* Release */,
			);
			defaultConfigurationIsVisible = 0;
			defaultConfigurationName = Release;
		};
		3A25195D1F4ACDFD000C500A /* Build configuration list for PBXNativeTarget "RAC+MVVM_demoUITests" */ = {
			isa = XCConfigurationList;
			buildConfigurations = (
				3A25195E1F4ACDFD000C500A /* Debug */,
				3A25195F1F4ACDFD000C500A /* Release */,
			);
			defaultConfigurationIsVisible = 0;
			defaultConfigurationName = Release;
		};
/* End XCConfigurationList section */
	};
	rootObject = 3A2519221F4ACDFD000C500A /* Project object */;
}
